
Microsoft Visual Studio Solution File, Format Version 12.00
# Visual Studio 15
VisualStudioVersion = 15.0.28307.2092
MinimumVisualStudioVersion = 10.0.40219.1
Project("{8BC9CEB8-8B4A-11D0-8D11-00A0C91BC942}") = "p23", "p23\p23.vcxproj", "{D4EA6EFE-DDD0-411F-B68F-EE7613744503}"
EndProject
Global
	GlobalSection(SolutionConfigurationPlatforms) = preSolution
		Debug|x64 = Debug|x64
		Debug|x86 = Debug|x86
		Release|x64 = Release|x64
		Release|x86 = Release|x86
	EndGlobalSection
	GlobalSection(ProjectConfigurationPlatforms) = postSolution
		{D4EA6EFE-DDD0-411F-B68F-EE7613744503}.Debug|x64.ActiveCfg = Debug|x64
		{D4EA6EFE-DDD0-411F-B68F-EE7613744503}.Debug|x64.Build.0 = Debug|x64
		{D4EA6EFE-DDD0-411F-B68F-EE7613744503}.Debug|x86.ActiveCfg = Debug|Win32
		{D4EA6EFE-DDD0-411F-B68F-EE7613744503}.Debug|x86.Build.0 = Debug|Win32
		{D4EA6EFE-DDD0-411F-B68F-EE7613744503}.Release|x64.ActiveCfg = Release|x64
		{D4EA6EFE-DDD0-411F-B68F-EE7613744503}.Release|x64.Build.0 = Release|x64
		{D4EA6EFE-DDD0-411F-B68F-EE7613744503}.Release|x86.ActiveCfg = Release|Win32
		{D4EA6EFE-DDD0-411F-B68F-EE7613744503}.Release|x86.Build.0 = Release|Win32
	EndGlobalSection
	GlobalSection(SolutionProperties) = preSolution
		HideSolutionNode = FALSE
	EndGlobalSection
	GlobalSection(ExtensibilityGlobals) = postSolution
		SolutionGuid = {0DDC0821-4C63-4870-9E2D-63FBA22F2D9D}
	EndGlobalSection
EndGlobal
